// !$*UTF8*$!
{
	archiveVersion = 1;
	classes = {
	};
	objectVersion = 50;
	objects = {

/* Begin PBXBuildFile section */
		340DBBDD2576A96300AADE29 /* main.swift in Sources */ = {isa = PBXBuildFile; fileRef = 340DBBDC2576A96300AADE29 /* main.swift */; };
		340DBBE42576AA0000AADE29 /* Day 1.swift in Sources */ = {isa = PBXBuildFile; fileRef = 340DBBE32576AA0000AADE29 /* Day 1.swift */; };
		340DBBE625778E1100AADE29 /* Day 2.swift in Sources */ = {isa = PBXBuildFile; fileRef = 340DBBE525778E1100AADE29 /* Day 2.swift */; };
		340DBBE82578DD9600AADE29 /* Day 3.swift in Sources */ = {isa = PBXBuildFile; fileRef = 340DBBE72578DD9600AADE29 /* Day 3.swift */; };
		340DBBEA257A32B300AADE29 /* Day 4.swift in Sources */ = {isa = PBXBuildFile; fileRef = 340DBBE9257A32B200AADE29 /* Day 4.swift */; };
		AE4F06B5257B9DA0005ABE17 /* Day 5.swift in Sources */ = {isa = PBXBuildFile; fileRef = AE4F06B4257B9DA0005ABE17 /* Day 5.swift */; };
		AE4F06B8257CF065005ABE17 /* Day 6.swift in Sources */ = {isa = PBXBuildFile; fileRef = AE4F06B7257CF065005ABE17 /* Day 6.swift */; };
		AEFA6B1F257EB26F006579B4 /* Day 7.swift in Sources */ = {isa = PBXBuildFile; fileRef = AEFA6B1E257EB26F006579B4 /* Day 7.swift */; };
		AEFA6B232580112F006579B4 /* Day 8.swift in Sources */ = {isa = PBXBuildFile; fileRef = AEFA6B222580112F006579B4 /* Day 8.swift */; };
/* End PBXBuildFile section */

/* Begin PBXCopyFilesBuildPhase section */
		340DBBD72576A96300AADE29 /* CopyFiles */ = {
			isa = PBXCopyFilesBuildPhase;
			buildActionMask = 2147483647;
			dstPath = /usr/share/man/man1/;
			dstSubfolderSpec = 0;
			files = (
			);
			runOnlyForDeploymentPostprocessing = 1;
		};
/* End PBXCopyFilesBuildPhase section */

/* Begin PBXFileReference section */
		340DBBD92576A96300AADE29 /* AdventOfCode2020 */ = {isa = PBXFileReference; explicitFileType = "compiled.mach-o.executable"; includeInIndex = 0; path = AdventOfCode2020; sourceTree = BUILT_PRODUCTS_DIR; };
		340DBBDC2576A96300AADE29 /* main.swift */ = {isa = PBXFileReference; lastKnownFileType = sourcecode.swift; path = main.swift; sourceTree = "<group>"; };
		340DBBE32576AA0000AADE29 /* Day 1.swift */ = {isa = PBXFileReference; lastKnownFileType = sourcecode.swift; path = "Day 1.swift"; sourceTree = "<group>"; };
		340DBBE525778E1100AADE29 /* Day 2.swift */ = {isa = PBXFileReference; lastKnownFileType = sourcecode.swift; path = "Day 2.swift"; sourceTree = "<group>"; };
		340DBBE72578DD9600AADE29 /* Day 3.swift */ = {isa = PBXFileReference; lastKnownFileType = sourcecode.swift; path = "Day 3.swift"; sourceTree = "<group>"; };
		340DBBE9257A32B200AADE29 /* Day 4.swift */ = {isa = PBXFileReference; lastKnownFileType = sourcecode.swift; path = "Day 4.swift"; sourceTree = "<group>"; };
		AE4F06B4257B9DA0005ABE17 /* Day 5.swift */ = {isa = PBXFileReference; lastKnownFileType = sourcecode.swift; path = "Day 5.swift"; sourceTree = "<group>"; };
		AE4F06B7257CF065005ABE17 /* Day 6.swift */ = {isa = PBXFileReference; lastKnownFileType = sourcecode.swift; path = "Day 6.swift"; sourceTree = "<group>"; };
		AEFA6B1E257EB26F006579B4 /* Day 7.swift */ = {isa = PBXFileReference; lastKnownFileType = sourcecode.swift; path = "Day 7.swift"; sourceTree = "<group>"; };
		AEFA6B222580112F006579B4 /* Day 8.swift */ = {isa = PBXFileReference; lastKnownFileType = sourcecode.swift; path = "Day 8.swift"; sourceTree = "<group>"; };
/* End PBXFileReference section */

/* Begin PBXFrameworksBuildPhase section */
		340DBBD62576A96300AADE29 /* Frameworks */ = {
			isa = PBXFrameworksBuildPhase;
			buildActionMask = 2147483647;
			files = (
			);
			runOnlyForDeploymentPostprocessing = 0;
		};
/* End PBXFrameworksBuildPhase section */

/* Begin PBXGroup section */
		340DBBD02576A96300AADE29 = {
			isa = PBXGroup;
			children = (
				340DBBDB2576A96300AADE29 /* AdventOfCode2020 */,
				340DBBDA2576A96300AADE29 /* Products */,
			);
			sourceTree = "<group>";
		};
		340DBBDA2576A96300AADE29 /* Products */ = {
			isa = PBXGroup;
			children = (
				340DBBD92576A96300AADE29 /* AdventOfCode2020 */,
			);
			name = Products;
			sourceTree = "<group>";
		};
		340DBBDB2576A96300AADE29 /* AdventOfCode2020 */ = {
			isa = PBXGroup;
			children = (
				340DBBDC2576A96300AADE29 /* main.swift */,
				340DBBE32576AA0000AADE29 /* Day 1.swift */,
				340DBBE525778E1100AADE29 /* Day 2.swift */,
				340DBBE72578DD9600AADE29 /* Day 3.swift */,
				340DBBE9257A32B200AADE29 /* Day 4.swift */,
				AE4F06B4257B9DA0005ABE17 /* Day 5.swift */,
				AE4F06B7257CF065005ABE17 /* Day 6.swift */,
				AEFA6B1E257EB26F006579B4 /* Day 7.swift */,
				AEFA6B222580112F006579B4 /* Day 8.swift */,
			);
			path = AdventOfCode2020;
			sourceTree = "<group>";
		};
/* End PBXGroup section */

/* Begin PBXNativeTarget section */
		340DBBD82576A96300AADE29 /* AdventOfCode2020 */ = {
			isa = PBXNativeTarget;
			buildConfigurationList = 340DBBE02576A96300AADE29 /* Build configuration list for PBXNativeTarget "AdventOfCode2020" */;
			buildPhases = (
				340DBBD52576A96300AADE29 /* Sources */,
				340DBBD62576A96300AADE29 /* Frameworks */,
				340DBBD72576A96300AADE29 /* CopyFiles */,
			);
			buildRules = (
			);
			dependencies = (
			);
			name = AdventOfCode2020;
			productName = AdventOfCode2020;
			productReference = 340DBBD92576A96300AADE29 /* AdventOfCode2020 */;
			productType = "com.apple.product-type.tool";
		};
/* End PBXNativeTarget section */

/* Begin PBXProject section */
		340DBBD12576A96300AADE29 /* Project object */ = {
			isa = PBXProject;
			attributes = {
				LastSwiftUpdateCheck = 1150;
				LastUpgradeCheck = 1150;
				ORGANIZATIONNAME = "bart-kneepkens";
				TargetAttributes = {
					340DBBD82576A96300AADE29 = {
						CreatedOnToolsVersion = 11.5;
					};
				};
			};
			buildConfigurationList = 340DBBD42576A96300AADE29 /* Build configuration list for PBXProject "AdventOfCode2020" */;
			compatibilityVersion = "Xcode 9.3";
			developmentRegion = en;
			hasScannedForEncodings = 0;
			knownRegions = (
				en,
				Base,
			);
			mainGroup = 340DBBD02576A96300AADE29;
			productRefGroup = 340DBBDA2576A96300AADE29 /* Products */;
			projectDirPath = "";
			projectRoot = "";
			targets = (
				340DBBD82576A96300AADE29 /* AdventOfCode2020 */,
			);
		};
/* End PBXProject section */

/* Begin PBXSourcesBuildPhase section */
		340DBBD52576A96300AADE29 /* Sources */ = {
			isa = PBXSourcesBuildPhase;
			buildActionMask = 2147483647;
			files = (
				340DBBDD2576A96300AADE29 /* main.swift in Sources */,
				AEFA6B232580112F006579B4 /* Day 8.swift in Sources */,
				AE4F06B5257B9DA0005ABE17 /* Day 5.swift in Sources */,
				340DBBEA257A32B300AADE29 /* Day 4.swift in Sources */,
				AEFA6B1F257EB26F006579B4 /* Day 7.swift in Sources */,
				340DBBE625778E1100AADE29 /* Day 2.swift in Sources */,
				340DBBE42576AA0000AADE29 /* Day 1.swift in Sources */,
				AE4F06B8257CF065005ABE17 /* Day 6.swift in Sources */,
				340DBBE82578DD9600AADE29 /* Day 3.swift in Sources */,
			);
			runOnlyForDeploymentPostprocessing = 0;
		};
/* End PBXSourcesBuildPhase section */

/* Begin XCBuildConfiguration section */
		340DBBDE2576A96300AADE29 /* Debug */ = {
			isa = XCBuildConfiguration;
			buildSettings = {
				ALWAYS_SEARCH_USER_PATHS = NO;
				CLANG_ANALYZER_NONNULL = YES;
				CLANG_ANALYZER_NUMBER_OBJECT_CONVERSION = YES_AGGRESSIVE;
				CLANG_CXX_LANGUAGE_STANDARD = "gnu++14";
				CLANG_CXX_LIBRARY = "libc++";
				CLANG_ENABLE_MODULES = YES;
				CLANG_ENABLE_OBJC_ARC = YES;
				CLANG_ENABLE_OBJC_WEAK = YES;
				CLANG_WARN_BLOCK_CAPTURE_AUTORELEASING = YES;
				CLANG_WARN_BOOL_CONVERSION = YES;
				CLANG_WARN_COMMA = YES;
				CLANG_WARN_CONSTANT_CONVERSION = YES;
				CLANG_WARN_DEPRECATED_OBJC_IMPLEMENTATIONS = YES;
				CLANG_WARN_DIRECT_OBJC_ISA_USAGE = YES_ERROR;
				CLANG_WARN_DOCUMENTATION_COMMENTS = YES;
				CLANG_WARN_EMPTY_BODY = YES;
				CLANG_WARN_ENUM_CONVERSION = YES;
				CLANG_WARN_INFINITE_RECURSION = YES;
				CLANG_WARN_INT_CONVERSION = YES;
				CLANG_WARN_NON_LITERAL_NULL_CONVERSION = YES;
				CLANG_WARN_OBJC_IMPLICIT_RETAIN_SELF = YES;
				CLANG_WARN_OBJC_LITERAL_CONVERSION = YES;
				CLANG_WARN_OBJC_ROOT_CLASS = YES_ERROR;
				CLANG_WARN_RANGE_LOOP_ANALYSIS = YES;
				CLANG_WARN_STRICT_PROTOTYPES = YES;
				CLANG_WARN_SUSPICIOUS_MOVE = YES;
				CLANG_WARN_UNGUARDED_AVAILABILITY = YES_AGGRESSIVE;
				CLANG_WARN_UNREACHABLE_CODE = YES;
				CLANG_WARN__DUPLICATE_METHOD_MATCH = YES;
				COPY_PHASE_STRIP = NO;
				DEBUG_INFORMATION_FORMAT = dwarf;
				ENABLE_STRICT_OBJC_MSGSEND = YES;
				ENABLE_TESTABILITY = YES;
				GCC_C_LANGUAGE_STANDARD = gnu11;
				GCC_DYNAMIC_NO_PIC = NO;
				GCC_NO_COMMON_BLOCKS = YES;
				GCC_OPTIMIZATION_LEVEL = 0;
				GCC_PREPROCESSOR_DEFINITIONS = (
					"DEBUG=1",
					"$(inherited)",
				);
				GCC_WARN_64_TO_32_BIT_CONVERSION = YES;
				GCC_WARN_ABOUT_RETURN_TYPE = YES_ERROR;
				GCC_WARN_UNDECLARED_SELECTOR = YES;
				GCC_WARN_UNINITIALIZED_AUTOS = YES_AGGRESSIVE;
				GCC_WARN_UNUSED_FUNCTION = YES;
				GCC_WARN_UNUSED_VARIABLE = YES;
				MACOSX_DEPLOYMENT_TARGET = 10.15;
				MTL_ENABLE_DEBUG_INFO = INCLUDE_SOURCE;
				MTL_FAST_MATH = YES;
				ONLY_ACTIVE_ARCH = YES;
				SDKROOT = macosx;
				SWIFT_ACTIVE_COMPILATION_CONDITIONS = DEBUG;
				SWIFT_OPTIMIZATION_LEVEL = "-Onone";
			};
			name = Debug;
		};
		340DBBDF2576A96300AADE29 /* Release */ = {
			isa = XCBuildConfiguration;
			buildSettings = {
				ALWAYS_SEARCH_USER_PATHS = NO;
				CLANG_ANALYZER_NONNULL = YES;
				CLANG_ANALYZER_NUMBER_OBJECT_CONVERSION = YES_AGGRESSIVE;
				CLANG_CXX_LANGUAGE_STANDARD = "gnu++14";
				CLANG_CXX_LIBRARY = "libc++";
				CLANG_ENABLE_MODULES = YES;
				CLANG_ENABLE_OBJC_ARC = YES;
				CLANG_ENABLE_OBJC_WEAK = YES;
				CLANG_WARN_BLOCK_CAPTURE_AUTORELEASING = YES;
				CLANG_WARN_BOOL_CONVERSION = YES;
				CLANG_WARN_COMMA = YES;
				CLANG_WARN_CONSTANT_CONVERSION = YES;
				CLANG_WARN_DEPRECATED_OBJC_IMPLEMENTATIONS = YES;
				CLANG_WARN_DIRECT_OBJC_ISA_USAGE = YES_ERROR;
				CLANG_WARN_DOCUMENTATION_COMMENTS = YES;
				CLANG_WARN_EMPTY_BODY = YES;
				CLANG_WARN_ENUM_CONVERSION = YES;
				CLANG_WARN_INFINITE_RECURSION = YES;
				CLANG_WARN_INT_CONVERSION = YES;
				CLANG_WARN_NON_LITERAL_NULL_CONVERSION = YES;
				CLANG_WARN_OBJC_IMPLICIT_RETAIN_SELF = YES;
				CLANG_WARN_OBJC_LITERAL_CONVERSION = YES;
				CLANG_WARN_OBJC_ROOT_CLASS = YES_ERROR;
				CLANG_WARN_RANGE_LOOP_ANALYSIS = YES;
				CLANG_WARN_STRICT_PROTOTYPES = YES;
				CLANG_WARN_SUSPICIOUS_MOVE = YES;
				CLANG_WARN_UNGUARDED_AVAILABILITY = YES_AGGRESSIVE;
				CLANG_WARN_UNREACHABLE_CODE = YES;
				CLANG_WARN__DUPLICATE_METHOD_MATCH = YES;
				COPY_PHASE_STRIP = NO;
				DEBUG_INFORMATION_FORMAT = "dwarf-with-dsym";
				ENABLE_NS_ASSERTIONS = NO;
				ENABLE_STRICT_OBJC_MSGSEND = YES;
				GCC_C_LANGUAGE_STANDARD = gnu11;
				GCC_NO_COMMON_BLOCKS = YES;
				GCC_WARN_64_TO_32_BIT_CONVERSION = YES;
				GCC_WARN_ABOUT_RETURN_TYPE = YES_ERROR;
				GCC_WARN_UNDECLARED_SELECTOR = YES;
				GCC_WARN_UNINITIALIZED_AUTOS = YES_AGGRESSIVE;
				GCC_WARN_UNUSED_FUNCTION = YES;
				GCC_WARN_UNUSED_VARIABLE = YES;
				MACOSX_DEPLOYMENT_TARGET = 10.15;
				MTL_ENABLE_DEBUG_INFO = NO;
				MTL_FAST_MATH = YES;
				SDKROOT = macosx;
				SWIFT_COMPILATION_MODE = wholemodule;
				SWIFT_OPTIMIZATION_LEVEL = "-O";
			};
			name = Release;
		};
		340DBBE12576A96300AADE29 /* Debug */ = {
			isa = XCBuildConfiguration;
			buildSettings = {
				CODE_SIGN_STYLE = Automatic;
				PRODUCT_NAME = "$(TARGET_NAME)";
				SWIFT_VERSION = 5.0;
			};
			name = Debug;
		};
		340DBBE22576A96300AADE29 /* Release */ = {
			isa = XCBuildConfiguration;
			buildSettings = {
				CODE_SIGN_STYLE = Automatic;
				PRODUCT_NAME = "$(TARGET_NAME)";
				SWIFT_VERSION = 5.0;
			};
			name = Release;
		};
/* End XCBuildConfiguration section */

/* Begin XCConfigurationList section */
		340DBBD42576A96300AADE29 /* Build configuration list for PBXProject "AdventOfCode2020" */ = {
			isa = XCConfigurationList;
			buildConfigurations = (
				340DBBDE2576A96300AADE29 /* Debug */,
				340DBBDF2576A96300AADE29 /* Release */,
			);
			defaultConfigurationIsVisible = 0;
			defaultConfigurationName = Release;
		};
		340DBBE02576A96300AADE29 /* Build configuration list for PBXNativeTarget "AdventOfCode2020" */ = {
			isa = XCConfigurationList;
			buildConfigurations = (
				340DBBE12576A96300AADE29 /* Debug */,
				340DBBE22576A96300AADE29 /* Release */,
			);
			defaultConfigurationIsVisible = 0;
			defaultConfigurationName = Release;
		};
/* End XCConfigurationList section */
	};
	rootObject = 340DBBD12576A96300AADE29 /* Project object */;
}
